
Microsoft Visual Studio Solution File, Format Version 12.00
# Visual Studio 15
VisualStudioVersion = 15.0.28307.779
MinimumVisualStudioVersion = 10.0.40219.1
Project("{FAE04EC0-301F-11D3-BF4B-00C04F79EFBC}") = "EmailReaderService", "EmailReaderService\EmailReaderService.csproj", "{3ED5415C-B88A-406D-9DBA-E6DC41537E0F}"
EndProject
Global
	GlobalSection(SolutionConfigurationPlatforms) = preSolution
		Debug|Any CPU = Debug|Any CPU
		Release|Any CPU = Release|Any CPU
	EndGlobalSection
	GlobalSection(ProjectConfigurationPlatforms) = postSolution
		{3ED5415C-B88A-406D-9DBA-E6DC41537E0F}.Debug|Any CPU.ActiveCfg = Debug|Any CPU
		{3ED5415C-B88A-406D-9DBA-E6DC41537E0F}.Debug|Any CPU.Build.0 = Debug|Any CPU
		{3ED5415C-B88A-406D-9DBA-E6DC41537E0F}.Release|Any CPU.ActiveCfg = Release|Any CPU
		{3ED5415C-B88A-406D-9DBA-E6DC41537E0F}.Release|Any CPU.Build.0 = Release|Any CPU
	EndGlobalSection
	GlobalSection(SolutionProperties) = preSolution
		HideSolutionNode = FALSE
	EndGlobalSection
	GlobalSection(ExtensibilityGlobals) = postSolution
		SolutionGuid = {BD6A3514-431C-4177-A21F-DE8D3A9A7BFE}
	EndGlobalSection
EndGlobal
