
Microsoft Visual Studio Solution File, Format Version 12.00
# Visual Studio 15
VisualStudioVersion = 15.0.28307.779
MinimumVisualStudioVersion = 10.0.40219.1
Project("{FAE04EC0-301F-11D3-BF4B-00C04F79EFBC}") = "MultiColumnRowReader", "MultiColumnRowReader\MultiColumnRowReader.csproj", "{234B2BA5-6D06-41C7-8529-F8815215A529}"
EndProject
Project("{FAE04EC0-301F-11D3-BF4B-00C04F79EFBC}") = "MultiColumnRowReaderTest", "MultiColumnRowReaderTest\MultiColumnRowReaderTest.csproj", "{1C17D23D-8D5B-4542-B712-FEC948057B44}"
EndProject
Global
	GlobalSection(SolutionConfigurationPlatforms) = preSolution
		Debug|Any CPU = Debug|Any CPU
		Release|Any CPU = Release|Any CPU
	EndGlobalSection
	GlobalSection(ProjectConfigurationPlatforms) = postSolution
		{234B2BA5-6D06-41C7-8529-F8815215A529}.Debug|Any CPU.ActiveCfg = Debug|Any CPU
		{234B2BA5-6D06-41C7-8529-F8815215A529}.Debug|Any CPU.Build.0 = Debug|Any CPU
		{234B2BA5-6D06-41C7-8529-F8815215A529}.Release|Any CPU.ActiveCfg = Release|Any CPU
		{234B2BA5-6D06-41C7-8529-F8815215A529}.Release|Any CPU.Build.0 = Release|Any CPU
		{1C17D23D-8D5B-4542-B712-FEC948057B44}.Debug|Any CPU.ActiveCfg = Debug|Any CPU
		{1C17D23D-8D5B-4542-B712-FEC948057B44}.Debug|Any CPU.Build.0 = Debug|Any CPU
		{1C17D23D-8D5B-4542-B712-FEC948057B44}.Release|Any CPU.ActiveCfg = Release|Any CPU
		{1C17D23D-8D5B-4542-B712-FEC948057B44}.Release|Any CPU.Build.0 = Release|Any CPU
	EndGlobalSection
	GlobalSection(SolutionProperties) = preSolution
		HideSolutionNode = FALSE
	EndGlobalSection
	GlobalSection(ExtensibilityGlobals) = postSolution
		SolutionGuid = {ED920FAE-AADC-4C91-A576-A693C2520FDE}
	EndGlobalSection
EndGlobal
